
Microsoft Visual Studio Solution File, Format Version 12.00
# Visual Studio Version 17
VisualStudioVersion = 17.7.34202.233
MinimumVisualStudioVersion = 10.0.40219.1
Project("{FAE04EC0-301F-11D3-BF4B-00C04F79EFBC}") = "FFileHandling", "FFileHandling\FFileHandling.csproj", "{915AEB3D-E495-4019-810B-977B1F90A032}"
EndProject
Global
	GlobalSection(SolutionConfigurationPlatforms) = preSolution
		Debug|Any CPU = Debug|Any CPU
		Release|Any CPU = Release|Any CPU
	EndGlobalSection
	GlobalSection(ProjectConfigurationPlatforms) = postSolution
		{915AEB3D-E495-4019-810B-977B1F90A032}.Debug|Any CPU.ActiveCfg = Debug|Any CPU
		{915AEB3D-E495-4019-810B-977B1F90A032}.Debug|Any CPU.Build.0 = Debug|Any CPU
		{915AEB3D-E495-4019-810B-977B1F90A032}.Release|Any CPU.ActiveCfg = Release|Any CPU
		{915AEB3D-E495-4019-810B-977B1F90A032}.Release|Any CPU.Build.0 = Release|Any CPU
	EndGlobalSection
	GlobalSection(SolutionProperties) = preSolution
		HideSolutionNode = FALSE
	EndGlobalSection
	GlobalSection(ExtensibilityGlobals) = postSolution
		SolutionGuid = {8982209D-7207-4784-9EEB-7E123A1FD42F}
	EndGlobalSection
EndGlobal
